// !$*UTF8*$!
{
	archiveVersion = 1;
	classes = {
	};
	objectVersion = 50;
	objects = {

/* Begin PBXBuildFile section */
		1116B33B2546178D009D5B03 /* AppDelegate.swift in Sources */ = {isa = PBXBuildFile; fileRef = 1116B33A2546178D009D5B03 /* AppDelegate.swift */; };
		1116B33D2546178D009D5B03 /* ViewController.swift in Sources */ = {isa = PBXBuildFile; fileRef = 1116B33C2546178D009D5B03 /* ViewController.swift */; };
		1116B33F2546178D009D5B03 /* Experience.rcproject in Sources */ = {isa = PBXBuildFile; fileRef = 1116B33E2546178D009D5B03 /* Experience.rcproject */; };
		1116B3422546178D009D5B03 /* Main.storyboard in Resources */ = {isa = PBXBuildFile; fileRef = 1116B3402546178D009D5B03 /* Main.storyboard */; };
		1116B34425461791009D5B03 /* Assets.xcassets in Resources */ = {isa = PBXBuildFile; fileRef = 1116B34325461791009D5B03 /* Assets.xcassets */; };
		1116B34725461791009D5B03 /* LaunchScreen.storyboard in Resources */ = {isa = PBXBuildFile; fileRef = 1116B34525461791009D5B03 /* LaunchScreen.storyboard */; };
/* End PBXBuildFile section */

/* Begin PBXFileReference section */
		1116B3372546178D009D5B03 /* Resizable-AR-Objects.app */ = {isa = PBXFileReference; explicitFileType = wrapper.application; includeInIndex = 0; path = "Resizable-AR-Objects.app"; sourceTree = BUILT_PRODUCTS_DIR; };
		1116B33A2546178D009D5B03 /* AppDelegate.swift */ = {isa = PBXFileReference; lastKnownFileType = sourcecode.swift; path = AppDelegate.swift; sourceTree = "<group>"; };
		1116B33C2546178D009D5B03 /* ViewController.swift */ = {isa = PBXFileReference; lastKnownFileType = sourcecode.swift; path = ViewController.swift; sourceTree = "<group>"; };
		1116B33E2546178D009D5B03 /* Experience.rcproject */ = {isa = PBXFileReference; lastKnownFileType = file.rcproject; path = Experience.rcproject; sourceTree = "<group>"; };
		1116B3412546178D009D5B03 /* Base */ = {isa = PBXFileReference; lastKnownFileType = file.storyboard; name = Base; path = Base.lproj/Main.storyboard; sourceTree = "<group>"; };
		1116B34325461791009D5B03 /* Assets.xcassets */ = {isa = PBXFileReference; lastKnownFileType = folder.assetcatalog; path = Assets.xcassets; sourceTree = "<group>"; };
		1116B34625461791009D5B03 /* Base */ = {isa = PBXFileReference; lastKnownFileType = file.storyboard; name = Base; path = Base.lproj/LaunchScreen.storyboard; sourceTree = "<group>"; };
		1116B34825461791009D5B03 /* Info.plist */ = {isa = PBXFileReference; lastKnownFileType = text.plist.xml; path = Info.plist; sourceTree = "<group>"; };
/* End PBXFileReference section */

/* Begin PBXFrameworksBuildPhase section */
		1116B3342546178D009D5B03 /* Frameworks */ = {
			isa = PBXFrameworksBuildPhase;
			buildActionMask = 2147483647;
			files = (
			);
			runOnlyForDeploymentPostprocessing = 0;
		};
/* End PBXFrameworksBuildPhase section */

/* Begin PBXGroup section */
		1116B32E2546178D009D5B03 = {
			isa = PBXGroup;
			children = (
				1116B3392546178D009D5B03 /* Resizable-AR-Objects */,
				1116B3382546178D009D5B03 /* Products */,
			);
			sourceTree = "<group>";
		};
		1116B3382546178D009D5B03 /* Products */ = {
			isa = PBXGroup;
			children = (
				1116B3372546178D009D5B03 /* Resizable-AR-Objects.app */,
			);
			name = Products;
			sourceTree = "<group>";
		};
		1116B3392546178D009D5B03 /* Resizable-AR-Objects */ = {
			isa = PBXGroup;
			children = (
				1116B33A2546178D009D5B03 /* AppDelegate.swift */,
				1116B33C2546178D009D5B03 /* ViewController.swift */,
				1116B33E2546178D009D5B03 /* Experience.rcproject */,
				1116B3402546178D009D5B03 /* Main.storyboard */,
				1116B34325461791009D5B03 /* Assets.xcassets */,
				1116B34525461791009D5B03 /* LaunchScreen.storyboard */,
				1116B34825461791009D5B03 /* Info.plist */,
			);
			path = "Resizable-AR-Objects";
			sourceTree = "<group>";
		};
/* End PBXGroup section */

/* Begin PBXNativeTarget section */
		1116B3362546178D009D5B03 /* Resizable-AR-Objects */ = {
			isa = PBXNativeTarget;
			buildConfigurationList = 1116B34B25461791009D5B03 /* Build configuration list for PBXNativeTarget "Resizable-AR-Objects" */;
			buildPhases = (
				1116B3332546178D009D5B03 /* Sources */,
				1116B3342546178D009D5B03 /* Frameworks */,
				1116B3352546178D009D5B03 /* Resources */,
			);
			buildRules = (
			);
			dependencies = (
			);
			name = "Resizable-AR-Objects";
			productName = "Resizable-AR-Objects";
			productReference = 1116B3372546178D009D5B03 /* Resizable-AR-Objects.app */;
			productType = "com.apple.product-type.application";
		};
/* End PBXNativeTarget section */

/* Begin PBXProject section */
		1116B32F2546178D009D5B03 /* Project object */ = {
			isa = PBXProject;
			attributes = {
				LastSwiftUpdateCheck = 1170;
				LastUpgradeCheck = 1170;
				ORGANIZATIONNAME = "Alexander Nuzhnyi";
				TargetAttributes = {
					1116B3362546178D009D5B03 = {
						CreatedOnToolsVersion = 11.7;
					};
				};
			};
			buildConfigurationList = 1116B3322546178D009D5B03 /* Build configuration list for PBXProject "Resizable-AR-Objects" */;
			compatibilityVersion = "Xcode 9.3";
			developmentRegion = en;
			hasScannedForEncodings = 0;
			knownRegions = (
				en,
				Base,
			);
			mainGroup = 1116B32E2546178D009D5B03;
			productRefGroup = 1116B3382546178D009D5B03 /* Products */;
			projectDirPath = "";
			projectRoot = "";
			targets = (
				1116B3362546178D009D5B03 /* Resizable-AR-Objects */,
			);
		};
/* End PBXProject section */

/* Begin PBXResourcesBuildPhase section */
		1116B3352546178D009D5B03 /* Resources */ = {
			isa = PBXResourcesBuildPhase;
			buildActionMask = 2147483647;
			files = (
				1116B34725461791009D5B03 /* LaunchScreen.storyboard in Resources */,
				1116B34425461791009D5B03 /* Assets.xcassets in Resources */,
				1116B3422546178D009D5B03 /* Main.storyboard in Resources */,
			);
			runOnlyForDeploymentPostprocessing = 0;
		};
/* End PBXResourcesBuildPhase section */

/* Begin PBXSourcesBuildPhase section */
		1116B3332546178D009D5B03 /* Sources */ = {
			isa = PBXSourcesBuildPhase;
			buildActionMask = 2147483647;
			files = (
				1116B33D2546178D009D5B03 /* ViewController.swift in Sources */,
				1116B33B2546178D009D5B03 /* AppDelegate.swift in Sources */,
				1116B33F2546178D009D5B03 /* Experience.rcproject in Sources */,
			);
			runOnlyForDeploymentPostprocessing = 0;
		};
/* End PBXSourcesBuildPhase section */

/* Begin PBXVariantGroup section */
		1116B3402546178D009D5B03 /* Main.storyboard */ = {
			isa = PBXVariantGroup;
			children = (
				1116B3412546178D009D5B03 /* Base */,
			);
			name = Main.storyboard;
			sourceTree = "<group>";
		};
		1116B34525461791009D5B03 /* LaunchScreen.storyboard */ = {
			isa = PBXVariantGroup;
			children = (
				1116B34625461791009D5B03 /* Base */,
			);
			name = LaunchScreen.storyboard;
			sourceTree = "<group>";
		};
/* End PBXVariantGroup section */

/* Begin XCBuildConfiguration section */
		1116B34925461791009D5B03 /* Debug */ = {
			isa = XCBuildConfiguration;
			buildSettings = {
				ALWAYS_SEARCH_USER_PATHS = NO;
				CLANG_ANALYZER_NONNULL = YES;
				CLANG_ANALYZER_NUMBER_OBJECT_CONVERSION = YES_AGGRESSIVE;
				CLANG_CXX_LANGUAGE_STANDARD = "gnu++14";
				CLANG_CXX_LIBRARY = "libc++";
				CLANG_ENABLE_MODULES = YES;
				CLANG_ENABLE_OBJC_ARC = YES;
				CLANG_ENABLE_OBJC_WEAK = YES;
				CLANG_WARN_BLOCK_CAPTURE_AUTORELEASING = YES;
				CLANG_WARN_BOOL_CONVERSION = YES;
				CLANG_WARN_COMMA = YES;
				CLANG_WARN_CONSTANT_CONVERSION = YES;
				CLANG_WARN_DEPRECATED_OBJC_IMPLEMENTATIONS = YES;
				CLANG_WARN_DIRECT_OBJC_ISA_USAGE = YES_ERROR;
				CLANG_WARN_DOCUMENTATION_COMMENTS = YES;
				CLANG_WARN_EMPTY_BODY = YES;
				CLANG_WARN_ENUM_CONVERSION = YES;
				CLANG_WARN_INFINITE_RECURSION = YES;
				CLANG_WARN_INT_CONVERSION = YES;
				CLANG_WARN_NON_LITERAL_NULL_CONVERSION = YES;
				CLANG_WARN_OBJC_IMPLICIT_RETAIN_SELF = YES;
				CLANG_WARN_OBJC_LITERAL_CONVERSION = YES;
				CLANG_WARN_OBJC_ROOT_CLASS = YES_ERROR;
				CLANG_WARN_RANGE_LOOP_ANALYSIS = YES;
				CLANG_WARN_STRICT_PROTOTYPES = YES;
				CLANG_WARN_SUSPICIOUS_MOVE = YES;
				CLANG_WARN_UNGUARDED_AVAILABILITY = YES_AGGRESSIVE;
				CLANG_WARN_UNREACHABLE_CODE = YES;
				CLANG_WARN__DUPLICATE_METHOD_MATCH = YES;
				COPY_PHASE_STRIP = NO;
				DEBUG_INFORMATION_FORMAT = dwarf;
				ENABLE_STRICT_OBJC_MSGSEND = YES;
				ENABLE_TESTABILITY = YES;
				GCC_C_LANGUAGE_STANDARD = gnu11;
				GCC_DYNAMIC_NO_PIC = NO;
				GCC_NO_COMMON_BLOCKS = YES;
				GCC_OPTIMIZATION_LEVEL = 0;
				GCC_PREPROCESSOR_DEFINITIONS = (
					"DEBUG=1",
					"$(inherited)",
				);
				GCC_WARN_64_TO_32_BIT_CONVERSION = YES;
				GCC_WARN_ABOUT_RETURN_TYPE = YES_ERROR;
				GCC_WARN_UNDECLARED_SELECTOR = YES;
				GCC_WARN_UNINITIALIZED_AUTOS = YES_AGGRESSIVE;
				GCC_WARN_UNUSED_FUNCTION = YES;
				GCC_WARN_UNUSED_VARIABLE = YES;
				IPHONEOS_DEPLOYMENT_TARGET = 13.7;
				MTL_ENABLE_DEBUG_INFO = INCLUDE_SOURCE;
				MTL_FAST_MATH = YES;
				ONLY_ACTIVE_ARCH = YES;
				SDKROOT = iphoneos;
				SWIFT_ACTIVE_COMPILATION_CONDITIONS = DEBUG;
				SWIFT_OPTIMIZATION_LEVEL = "-Onone";
			};
			name = Debug;
		};
		1116B34A25461791009D5B03 /* Release */ = {
			isa = XCBuildConfiguration;
			buildSettings = {
				ALWAYS_SEARCH_USER_PATHS = NO;
				CLANG_ANALYZER_NONNULL = YES;
				CLANG_ANALYZER_NUMBER_OBJECT_CONVERSION = YES_AGGRESSIVE;
				CLANG_CXX_LANGUAGE_STANDARD = "gnu++14";
				CLANG_CXX_LIBRARY = "libc++";
				CLANG_ENABLE_MODULES = YES;
				CLANG_ENABLE_OBJC_ARC = YES;
				CLANG_ENABLE_OBJC_WEAK = YES;
				CLANG_WARN_BLOCK_CAPTURE_AUTORELEASING = YES;
				CLANG_WARN_BOOL_CONVERSION = YES;
				CLANG_WARN_COMMA = YES;
				CLANG_WARN_CONSTANT_CONVERSION = YES;
				CLANG_WARN_DEPRECATED_OBJC_IMPLEMENTATIONS = YES;
				CLANG_WARN_DIRECT_OBJC_ISA_USAGE = YES_ERROR;
				CLANG_WARN_DOCUMENTATION_COMMENTS = YES;
				CLANG_WARN_EMPTY_BODY = YES;
				CLANG_WARN_ENUM_CONVERSION = YES;
				CLANG_WARN_INFINITE_RECURSION = YES;
				CLANG_WARN_INT_CONVERSION = YES;
				CLANG_WARN_NON_LITERAL_NULL_CONVERSION = YES;
				CLANG_WARN_OBJC_IMPLICIT_RETAIN_SELF = YES;
				CLANG_WARN_OBJC_LITERAL_CONVERSION = YES;
				CLANG_WARN_OBJC_ROOT_CLASS = YES_ERROR;
				CLANG_WARN_RANGE_LOOP_ANALYSIS = YES;
				CLANG_WARN_STRICT_PROTOTYPES = YES;
				CLANG_WARN_SUSPICIOUS_MOVE = YES;
				CLANG_WARN_UNGUARDED_AVAILABILITY = YES_AGGRESSIVE;
				CLANG_WARN_UNREACHABLE_CODE = YES;
				CLANG_WARN__DUPLICATE_METHOD_MATCH = YES;
				COPY_PHASE_STRIP = NO;
				DEBUG_INFORMATION_FORMAT = "dwarf-with-dsym";
				ENABLE_NS_ASSERTIONS = NO;
				ENABLE_STRICT_OBJC_MSGSEND = YES;
				GCC_C_LANGUAGE_STANDARD = gnu11;
				GCC_NO_COMMON_BLOCKS = YES;
				GCC_WARN_64_TO_32_BIT_CONVERSION = YES;
				GCC_WARN_ABOUT_RETURN_TYPE = YES_ERROR;
				GCC_WARN_UNDECLARED_SELECTOR = YES;
				GCC_WARN_UNINITIALIZED_AUTOS = YES_AGGRESSIVE;
				GCC_WARN_UNUSED_FUNCTION = YES;
				GCC_WARN_UNUSED_VARIABLE = YES;
				IPHONEOS_DEPLOYMENT_TARGET = 13.7;
				MTL_ENABLE_DEBUG_INFO = NO;
				MTL_FAST_MATH = YES;
				SDKROOT = iphoneos;
				SWIFT_COMPILATION_MODE = wholemodule;
				SWIFT_OPTIMIZATION_LEVEL = "-O";
				VALIDATE_PRODUCT = YES;
			};
			name = Release;
		};
		1116B34C25461791009D5B03 /* Debug */ = {
			isa = XCBuildConfiguration;
			buildSettings = {
				ASSETCATALOG_COMPILER_APPICON_NAME = AppIcon;
				CODE_SIGN_STYLE = Automatic;
				DEVELOPMENT_TEAM = ZN234ZPN46;
				INFOPLIST_FILE = "Resizable-AR-Objects/Info.plist";
				LD_RUNPATH_SEARCH_PATHS = (
					"$(inherited)",
					"@executable_path/Frameworks",
				);
				PRODUCT_BUNDLE_IDENTIFIER = "works.alexander.Resizable-AR-Objects";
				PRODUCT_NAME = "$(TARGET_NAME)";
				SWIFT_VERSION = 5.0;
				TARGETED_DEVICE_FAMILY = "1,2";
			};
			name = Debug;
		};
		1116B34D25461791009D5B03 /* Release */ = {
			isa = XCBuildConfiguration;
			buildSettings = {
				ASSETCATALOG_COMPILER_APPICON_NAME = AppIcon;
				CODE_SIGN_STYLE = Automatic;
				DEVELOPMENT_TEAM = ZN234ZPN46;
				INFOPLIST_FILE = "Resizable-AR-Objects/Info.plist";
				LD_RUNPATH_SEARCH_PATHS = (
					"$(inherited)",
					"@executable_path/Frameworks",
				);
				PRODUCT_BUNDLE_IDENTIFIER = "works.alexander.Resizable-AR-Objects";
				PRODUCT_NAME = "$(TARGET_NAME)";
				SWIFT_VERSION = 5.0;
				TARGETED_DEVICE_FAMILY = "1,2";
			};
			name = Release;
		};
/* End XCBuildConfiguration section */

/* Begin XCConfigurationList section */
		1116B3322546178D009D5B03 /* Build configuration list for PBXProject "Resizable-AR-Objects" */ = {
			isa = XCConfigurationList;
			buildConfigurations = (
				1116B34925461791009D5B03 /* Debug */,
				1116B34A25461791009D5B03 /* Release */,
			);
			defaultConfigurationIsVisible = 0;
			defaultConfigurationName = Release;
		};
		1116B34B25461791009D5B03 /* Build configuration list for PBXNativeTarget "Resizable-AR-Objects" */ = {
			isa = XCConfigurationList;
			buildConfigurations = (
				1116B34C25461791009D5B03 /* Debug */,
				1116B34D25461791009D5B03 /* Release */,
			);
			defaultConfigurationIsVisible = 0;
			defaultConfigurationName = Release;
		};
/* End XCConfigurationList section */
	};
	rootObject = 1116B32F2546178D009D5B03 /* Project object */;
}
